
Microsoft Visual Studio Solution File, Format Version 12.00
# Visual Studio Version 16
VisualStudioVersion = 16.0.30907.101
MinimumVisualStudioVersion = 10.0.40219.1
Project("{FAE04EC0-301F-11D3-BF4B-00C04F79EFBC}") = "FoodDelivery.API", "FoodDelivery.API\FoodDelivery.API.csproj", "{071D00B9-61C2-4183-B6AE-CB3B5B7FE91D}"
EndProject
Global
	GlobalSection(SolutionConfigurationPlatforms) = preSolution
		Debug|Any CPU = Debug|Any CPU
		Release|Any CPU = Release|Any CPU
	EndGlobalSection
	GlobalSection(ProjectConfigurationPlatforms) = postSolution
		{071D00B9-61C2-4183-B6AE-CB3B5B7FE91D}.Debug|Any CPU.ActiveCfg = Debug|Any CPU
		{071D00B9-61C2-4183-B6AE-CB3B5B7FE91D}.Debug|Any CPU.Build.0 = Debug|Any CPU
		{071D00B9-61C2-4183-B6AE-CB3B5B7FE91D}.Release|Any CPU.ActiveCfg = Release|Any CPU
		{071D00B9-61C2-4183-B6AE-CB3B5B7FE91D}.Release|Any CPU.Build.0 = Release|Any CPU
	EndGlobalSection
	GlobalSection(SolutionProperties) = preSolution
		HideSolutionNode = FALSE
	EndGlobalSection
	GlobalSection(ExtensibilityGlobals) = postSolution
		SolutionGuid = {1960A0E8-3947-43FC-99B2-D2A4187E77A0}
	EndGlobalSection
EndGlobal
